// !$*UTF8*$!
{
	archiveVersion = 1;
	classes = {
	};
	objectVersion = 55;
	objects = {

/* Begin PBXBuildFile section */
		003E2C7527E68BB900D643B1 /* AppDelegate.swift in Sources */ = {isa = PBXBuildFile; fileRef = 003E2C7427E68BB900D643B1 /* AppDelegate.swift */; };
		003E2C7727E68BB900D643B1 /* SceneDelegate.swift in Sources */ = {isa = PBXBuildFile; fileRef = 003E2C7627E68BB900D643B1 /* SceneDelegate.swift */; };
		003E2C7927E68BB900D643B1 /* ConversationsViewController.swift in Sources */ = {isa = PBXBuildFile; fileRef = 003E2C7827E68BB900D643B1 /* ConversationsViewController.swift */; };
		003E2C7C27E68BB900D643B1 /* Main.storyboard in Resources */ = {isa = PBXBuildFile; fileRef = 003E2C7A27E68BB900D643B1 /* Main.storyboard */; };
		003E2C7E27E68BBE00D643B1 /* Assets.xcassets in Resources */ = {isa = PBXBuildFile; fileRef = 003E2C7D27E68BBE00D643B1 /* Assets.xcassets */; };
		003E2C8127E68BBE00D643B1 /* LaunchScreen.storyboard in Resources */ = {isa = PBXBuildFile; fileRef = 003E2C7F27E68BBE00D643B1 /* LaunchScreen.storyboard */; };
		00CCDF5327E68F2A00D8AA8C /* LoginViewController.swift in Sources */ = {isa = PBXBuildFile; fileRef = 00CCDF5227E68F2A00D8AA8C /* LoginViewController.swift */; };
		00CCDF5527E68F3600D8AA8C /* RegisterViewController.swift in Sources */ = {isa = PBXBuildFile; fileRef = 00CCDF5427E68F3600D8AA8C /* RegisterViewController.swift */; };
		00CCDF5727E68F5800D8AA8C /* PhotoViewerViewController.swift in Sources */ = {isa = PBXBuildFile; fileRef = 00CCDF5627E68F5800D8AA8C /* PhotoViewerViewController.swift */; };
		00CCDF5927E68F6100D8AA8C /* VideoPlayerViewController.swift in Sources */ = {isa = PBXBuildFile; fileRef = 00CCDF5827E68F6100D8AA8C /* VideoPlayerViewController.swift */; };
		00CCDF5B27E68F7D00D8AA8C /* NewConversationViewController.swift in Sources */ = {isa = PBXBuildFile; fileRef = 00CCDF5A27E68F7D00D8AA8C /* NewConversationViewController.swift */; };
		00CCDF5D27E68F8A00D8AA8C /* ProfileViewController.swift in Sources */ = {isa = PBXBuildFile; fileRef = 00CCDF5C27E68F8A00D8AA8C /* ProfileViewController.swift */; };
/* End PBXBuildFile section */

/* Begin PBXFileReference section */
		003E2C7127E68BB900D643B1 /* Messenger.app */ = {isa = PBXFileReference; explicitFileType = wrapper.application; includeInIndex = 0; path = Messenger.app; sourceTree = BUILT_PRODUCTS_DIR; };
		003E2C7427E68BB900D643B1 /* AppDelegate.swift */ = {isa = PBXFileReference; lastKnownFileType = sourcecode.swift; path = AppDelegate.swift; sourceTree = "<group>"; };
		003E2C7627E68BB900D643B1 /* SceneDelegate.swift */ = {isa = PBXFileReference; lastKnownFileType = sourcecode.swift; path = SceneDelegate.swift; sourceTree = "<group>"; };
		003E2C7827E68BB900D643B1 /* ConversationsViewController.swift */ = {isa = PBXFileReference; lastKnownFileType = sourcecode.swift; path = ConversationsViewController.swift; sourceTree = "<group>"; };
		003E2C7B27E68BB900D643B1 /* Base */ = {isa = PBXFileReference; lastKnownFileType = file.storyboard; name = Base; path = Base.lproj/Main.storyboard; sourceTree = "<group>"; };
		003E2C7D27E68BBE00D643B1 /* Assets.xcassets */ = {isa = PBXFileReference; lastKnownFileType = folder.assetcatalog; path = Assets.xcassets; sourceTree = "<group>"; };
		003E2C8027E68BBE00D643B1 /* Base */ = {isa = PBXFileReference; lastKnownFileType = file.storyboard; name = Base; path = Base.lproj/LaunchScreen.storyboard; sourceTree = "<group>"; };
		003E2C8227E68BBE00D643B1 /* Info.plist */ = {isa = PBXFileReference; lastKnownFileType = text.plist.xml; path = Info.plist; sourceTree = "<group>"; };
		00CCDF5227E68F2A00D8AA8C /* LoginViewController.swift */ = {isa = PBXFileReference; lastKnownFileType = sourcecode.swift; path = LoginViewController.swift; sourceTree = "<group>"; };
		00CCDF5427E68F3600D8AA8C /* RegisterViewController.swift */ = {isa = PBXFileReference; lastKnownFileType = sourcecode.swift; path = RegisterViewController.swift; sourceTree = "<group>"; };
		00CCDF5627E68F5800D8AA8C /* PhotoViewerViewController.swift */ = {isa = PBXFileReference; lastKnownFileType = sourcecode.swift; path = PhotoViewerViewController.swift; sourceTree = "<group>"; };
		00CCDF5827E68F6100D8AA8C /* VideoPlayerViewController.swift */ = {isa = PBXFileReference; lastKnownFileType = sourcecode.swift; path = VideoPlayerViewController.swift; sourceTree = "<group>"; };
		00CCDF5A27E68F7D00D8AA8C /* NewConversationViewController.swift */ = {isa = PBXFileReference; lastKnownFileType = sourcecode.swift; path = NewConversationViewController.swift; sourceTree = "<group>"; };
		00CCDF5C27E68F8A00D8AA8C /* ProfileViewController.swift */ = {isa = PBXFileReference; lastKnownFileType = sourcecode.swift; path = ProfileViewController.swift; sourceTree = "<group>"; };
/* End PBXFileReference section */

/* Begin PBXFrameworksBuildPhase section */
		003E2C6E27E68BB900D643B1 /* Frameworks */ = {
			isa = PBXFrameworksBuildPhase;
			buildActionMask = 2147483647;
			files = (
			);
			runOnlyForDeploymentPostprocessing = 0;
		};
/* End PBXFrameworksBuildPhase section */

/* Begin PBXGroup section */
		00196FA127E68D4E000D65E5 /* Controllers */ = {
			isa = PBXGroup;
			children = (
				003E2C7827E68BB900D643B1 /* ConversationsViewController.swift */,
				00CCDF5227E68F2A00D8AA8C /* LoginViewController.swift */,
				00CCDF5427E68F3600D8AA8C /* RegisterViewController.swift */,
				00CCDF5627E68F5800D8AA8C /* PhotoViewerViewController.swift */,
				00CCDF5827E68F6100D8AA8C /* VideoPlayerViewController.swift */,
				00CCDF5A27E68F7D00D8AA8C /* NewConversationViewController.swift */,
				00CCDF5C27E68F8A00D8AA8C /* ProfileViewController.swift */,
			);
			path = Controllers;
			sourceTree = "<group>";
		};
		00196FA227E68D54000D65E5 /* Views */ = {
			isa = PBXGroup;
			children = (
				00196FA627E68D96000D65E5 /* Storyboards */,
				003E2C7D27E68BBE00D643B1 /* Assets.xcassets */,
			);
			path = Views;
			sourceTree = "<group>";
		};
		00196FA327E68D5A000D65E5 /* Models */ = {
			isa = PBXGroup;
			children = (
			);
			path = Models;
			sourceTree = "<group>";
		};
		00196FA427E68D5E000D65E5 /* ViewModels */ = {
			isa = PBXGroup;
			children = (
			);
			path = ViewModels;
			sourceTree = "<group>";
		};
		00196FA527E68D65000D65E5 /* Resources */ = {
			isa = PBXGroup;
			children = (
				003E2C7427E68BB900D643B1 /* AppDelegate.swift */,
				003E2C7627E68BB900D643B1 /* SceneDelegate.swift */,
			);
			path = Resources;
			sourceTree = "<group>";
		};
		00196FA627E68D96000D65E5 /* Storyboards */ = {
			isa = PBXGroup;
			children = (
				003E2C7A27E68BB900D643B1 /* Main.storyboard */,
				003E2C7F27E68BBE00D643B1 /* LaunchScreen.storyboard */,
			);
			path = Storyboards;
			sourceTree = "<group>";
		};
		003E2C6827E68BB900D643B1 = {
			isa = PBXGroup;
			children = (
				003E2C7327E68BB900D643B1 /* Messenger */,
				003E2C7227E68BB900D643B1 /* Products */,
			);
			sourceTree = "<group>";
		};
		003E2C7227E68BB900D643B1 /* Products */ = {
			isa = PBXGroup;
			children = (
				003E2C7127E68BB900D643B1 /* Messenger.app */,
			);
			name = Products;
			sourceTree = "<group>";
		};
		003E2C7327E68BB900D643B1 /* Messenger */ = {
			isa = PBXGroup;
			children = (
				003E2C8227E68BBE00D643B1 /* Info.plist */,
				00196FA127E68D4E000D65E5 /* Controllers */,
				00196FA327E68D5A000D65E5 /* Models */,
				00196FA527E68D65000D65E5 /* Resources */,
				00196FA427E68D5E000D65E5 /* ViewModels */,
				00196FA227E68D54000D65E5 /* Views */,
			);
			path = Messenger;
			sourceTree = "<group>";
		};
/* End PBXGroup section */

/* Begin PBXNativeTarget section */
		003E2C7027E68BB900D643B1 /* Messenger */ = {
			isa = PBXNativeTarget;
			buildConfigurationList = 003E2C8527E68BBE00D643B1 /* Build configuration list for PBXNativeTarget "Messenger" */;
			buildPhases = (
				003E2C6D27E68BB900D643B1 /* Sources */,
				003E2C6E27E68BB900D643B1 /* Frameworks */,
				003E2C6F27E68BB900D643B1 /* Resources */,
			);
			buildRules = (
			);
			dependencies = (
			);
			name = Messenger;
			productName = Messenger;
			productReference = 003E2C7127E68BB900D643B1 /* Messenger.app */;
			productType = "com.apple.product-type.application";
		};
/* End PBXNativeTarget section */

/* Begin PBXProject section */
		003E2C6927E68BB900D643B1 /* Project object */ = {
			isa = PBXProject;
			attributes = {
				BuildIndependentTargetsInParallel = 1;
				LastSwiftUpdateCheck = 1330;
				LastUpgradeCheck = 1330;
				TargetAttributes = {
					003E2C7027E68BB900D643B1 = {
						CreatedOnToolsVersion = 13.3;
					};
				};
			};
			buildConfigurationList = 003E2C6C27E68BB900D643B1 /* Build configuration list for PBXProject "Messenger" */;
			compatibilityVersion = "Xcode 13.0";
			developmentRegion = en;
			hasScannedForEncodings = 0;
			knownRegions = (
				en,
				Base,
			);
			mainGroup = 003E2C6827E68BB900D643B1;
			productRefGroup = 003E2C7227E68BB900D643B1 /* Products */;
			projectDirPath = "";
			projectRoot = "";
			targets = (
				003E2C7027E68BB900D643B1 /* Messenger */,
			);
		};
/* End PBXProject section */

/* Begin PBXResourcesBuildPhase section */
		003E2C6F27E68BB900D643B1 /* Resources */ = {
			isa = PBXResourcesBuildPhase;
			buildActionMask = 2147483647;
			files = (
				003E2C8127E68BBE00D643B1 /* LaunchScreen.storyboard in Resources */,
				003E2C7E27E68BBE00D643B1 /* Assets.xcassets in Resources */,
				003E2C7C27E68BB900D643B1 /* Main.storyboard in Resources */,
			);
			runOnlyForDeploymentPostprocessing = 0;
		};
/* End PBXResourcesBuildPhase section */

/* Begin PBXSourcesBuildPhase section */
		003E2C6D27E68BB900D643B1 /* Sources */ = {
			isa = PBXSourcesBuildPhase;
			buildActionMask = 2147483647;
			files = (
				00CCDF5327E68F2A00D8AA8C /* LoginViewController.swift in Sources */,
				00CCDF5527E68F3600D8AA8C /* RegisterViewController.swift in Sources */,
				00CCDF5B27E68F7D00D8AA8C /* NewConversationViewController.swift in Sources */,
				003E2C7927E68BB900D643B1 /* ConversationsViewController.swift in Sources */,
				00CCDF5927E68F6100D8AA8C /* VideoPlayerViewController.swift in Sources */,
				003E2C7527E68BB900D643B1 /* AppDelegate.swift in Sources */,
				00CCDF5D27E68F8A00D8AA8C /* ProfileViewController.swift in Sources */,
				003E2C7727E68BB900D643B1 /* SceneDelegate.swift in Sources */,
				00CCDF5727E68F5800D8AA8C /* PhotoViewerViewController.swift in Sources */,
			);
			runOnlyForDeploymentPostprocessing = 0;
		};
/* End PBXSourcesBuildPhase section */

/* Begin PBXVariantGroup section */
		003E2C7A27E68BB900D643B1 /* Main.storyboard */ = {
			isa = PBXVariantGroup;
			children = (
				003E2C7B27E68BB900D643B1 /* Base */,
			);
			name = Main.storyboard;
			sourceTree = "<group>";
		};
		003E2C7F27E68BBE00D643B1 /* LaunchScreen.storyboard */ = {
			isa = PBXVariantGroup;
			children = (
				003E2C8027E68BBE00D643B1 /* Base */,
			);
			name = LaunchScreen.storyboard;
			sourceTree = "<group>";
		};
/* End PBXVariantGroup section */

/* Begin XCBuildConfiguration section */
		003E2C8327E68BBE00D643B1 /* Debug */ = {
			isa = XCBuildConfiguration;
			buildSettings = {
				ALWAYS_SEARCH_USER_PATHS = NO;
				CLANG_ANALYZER_NONNULL = YES;
				CLANG_ANALYZER_NUMBER_OBJECT_CONVERSION = YES_AGGRESSIVE;
				CLANG_CXX_LANGUAGE_STANDARD = "gnu++17";
				CLANG_ENABLE_MODULES = YES;
				CLANG_ENABLE_OBJC_ARC = YES;
				CLANG_ENABLE_OBJC_WEAK = YES;
				CLANG_WARN_BLOCK_CAPTURE_AUTORELEASING = YES;
				CLANG_WARN_BOOL_CONVERSION = YES;
				CLANG_WARN_COMMA = YES;
				CLANG_WARN_CONSTANT_CONVERSION = YES;
				CLANG_WARN_DEPRECATED_OBJC_IMPLEMENTATIONS = YES;
				CLANG_WARN_DIRECT_OBJC_ISA_USAGE = YES_ERROR;
				CLANG_WARN_DOCUMENTATION_COMMENTS = YES;
				CLANG_WARN_EMPTY_BODY = YES;
				CLANG_WARN_ENUM_CONVERSION = YES;
				CLANG_WARN_INFINITE_RECURSION = YES;
				CLANG_WARN_INT_CONVERSION = YES;
				CLANG_WARN_NON_LITERAL_NULL_CONVERSION = YES;
				CLANG_WARN_OBJC_IMPLICIT_RETAIN_SELF = YES;
				CLANG_WARN_OBJC_LITERAL_CONVERSION = YES;
				CLANG_WARN_OBJC_ROOT_CLASS = YES_ERROR;
				CLANG_WARN_QUOTED_INCLUDE_IN_FRAMEWORK_HEADER = YES;
				CLANG_WARN_RANGE_LOOP_ANALYSIS = YES;
				CLANG_WARN_STRICT_PROTOTYPES = YES;
				CLANG_WARN_SUSPICIOUS_MOVE = YES;
				CLANG_WARN_UNGUARDED_AVAILABILITY = YES_AGGRESSIVE;
				CLANG_WARN_UNREACHABLE_CODE = YES;
				CLANG_WARN__DUPLICATE_METHOD_MATCH = YES;
				COPY_PHASE_STRIP = NO;
				DEBUG_INFORMATION_FORMAT = dwarf;
				ENABLE_STRICT_OBJC_MSGSEND = YES;
				ENABLE_TESTABILITY = YES;
				GCC_C_LANGUAGE_STANDARD = gnu11;
				GCC_DYNAMIC_NO_PIC = NO;
				GCC_NO_COMMON_BLOCKS = YES;
				GCC_OPTIMIZATION_LEVEL = 0;
				GCC_PREPROCESSOR_DEFINITIONS = (
					"DEBUG=1",
					"$(inherited)",
				);
				GCC_WARN_64_TO_32_BIT_CONVERSION = YES;
				GCC_WARN_ABOUT_RETURN_TYPE = YES_ERROR;
				GCC_WARN_UNDECLARED_SELECTOR = YES;
				GCC_WARN_UNINITIALIZED_AUTOS = YES_AGGRESSIVE;
				GCC_WARN_UNUSED_FUNCTION = YES;
				GCC_WARN_UNUSED_VARIABLE = YES;
				IPHONEOS_DEPLOYMENT_TARGET = 15.4;
				MTL_ENABLE_DEBUG_INFO = INCLUDE_SOURCE;
				MTL_FAST_MATH = YES;
				ONLY_ACTIVE_ARCH = YES;
				SDKROOT = iphoneos;
				SWIFT_ACTIVE_COMPILATION_CONDITIONS = DEBUG;
				SWIFT_OPTIMIZATION_LEVEL = "-Onone";
			};
			name = Debug;
		};
		003E2C8427E68BBE00D643B1 /* Release */ = {
			isa = XCBuildConfiguration;
			buildSettings = {
				ALWAYS_SEARCH_USER_PATHS = NO;
				CLANG_ANALYZER_NONNULL = YES;
				CLANG_ANALYZER_NUMBER_OBJECT_CONVERSION = YES_AGGRESSIVE;
				CLANG_CXX_LANGUAGE_STANDARD = "gnu++17";
				CLANG_ENABLE_MODULES = YES;
				CLANG_ENABLE_OBJC_ARC = YES;
				CLANG_ENABLE_OBJC_WEAK = YES;
				CLANG_WARN_BLOCK_CAPTURE_AUTORELEASING = YES;
				CLANG_WARN_BOOL_CONVERSION = YES;
				CLANG_WARN_COMMA = YES;
				CLANG_WARN_CONSTANT_CONVERSION = YES;
				CLANG_WARN_DEPRECATED_OBJC_IMPLEMENTATIONS = YES;
				CLANG_WARN_DIRECT_OBJC_ISA_USAGE = YES_ERROR;
				CLANG_WARN_DOCUMENTATION_COMMENTS = YES;
				CLANG_WARN_EMPTY_BODY = YES;
				CLANG_WARN_ENUM_CONVERSION = YES;
				CLANG_WARN_INFINITE_RECURSION = YES;
				CLANG_WARN_INT_CONVERSION = YES;
				CLANG_WARN_NON_LITERAL_NULL_CONVERSION = YES;
				CLANG_WARN_OBJC_IMPLICIT_RETAIN_SELF = YES;
				CLANG_WARN_OBJC_LITERAL_CONVERSION = YES;
				CLANG_WARN_OBJC_ROOT_CLASS = YES_ERROR;
				CLANG_WARN_QUOTED_INCLUDE_IN_FRAMEWORK_HEADER = YES;
				CLANG_WARN_RANGE_LOOP_ANALYSIS = YES;
				CLANG_WARN_STRICT_PROTOTYPES = YES;
				CLANG_WARN_SUSPICIOUS_MOVE = YES;
				CLANG_WARN_UNGUARDED_AVAILABILITY = YES_AGGRESSIVE;
				CLANG_WARN_UNREACHABLE_CODE = YES;
				CLANG_WARN__DUPLICATE_METHOD_MATCH = YES;
				COPY_PHASE_STRIP = NO;
				DEBUG_INFORMATION_FORMAT = "dwarf-with-dsym";
				ENABLE_NS_ASSERTIONS = NO;
				ENABLE_STRICT_OBJC_MSGSEND = YES;
				GCC_C_LANGUAGE_STANDARD = gnu11;
				GCC_NO_COMMON_BLOCKS = YES;
				GCC_WARN_64_TO_32_BIT_CONVERSION = YES;
				GCC_WARN_ABOUT_RETURN_TYPE = YES_ERROR;
				GCC_WARN_UNDECLARED_SELECTOR = YES;
				GCC_WARN_UNINITIALIZED_AUTOS = YES_AGGRESSIVE;
				GCC_WARN_UNUSED_FUNCTION = YES;
				GCC_WARN_UNUSED_VARIABLE = YES;
				IPHONEOS_DEPLOYMENT_TARGET = 15.4;
				MTL_ENABLE_DEBUG_INFO = NO;
				MTL_FAST_MATH = YES;
				SDKROOT = iphoneos;
				SWIFT_COMPILATION_MODE = wholemodule;
				SWIFT_OPTIMIZATION_LEVEL = "-O";
				VALIDATE_PRODUCT = YES;
			};
			name = Release;
		};
		003E2C8627E68BBE00D643B1 /* Debug */ = {
			isa = XCBuildConfiguration;
			buildSettings = {
				ASSETCATALOG_COMPILER_APPICON_NAME = AppIcon;
				ASSETCATALOG_COMPILER_GLOBAL_ACCENT_COLOR_NAME = AccentColor;
				CODE_SIGN_STYLE = Automatic;
				CURRENT_PROJECT_VERSION = 1;
				DEVELOPMENT_TEAM = QH7853B55W;
				GENERATE_INFOPLIST_FILE = YES;
				INFOPLIST_FILE = Messenger/Info.plist;
				INFOPLIST_KEY_UIApplicationSupportsIndirectInputEvents = YES;
				INFOPLIST_KEY_UILaunchStoryboardName = LaunchScreen;
				INFOPLIST_KEY_UIMainStoryboardFile = Main;
				INFOPLIST_KEY_UISupportedInterfaceOrientations = UIInterfaceOrientationPortrait;
				INFOPLIST_KEY_UISupportedInterfaceOrientations_iPad = UIInterfaceOrientationPortrait;
				INFOPLIST_KEY_UISupportedInterfaceOrientations_iPhone = UIInterfaceOrientationPortrait;
				LD_RUNPATH_SEARCH_PATHS = (
					"$(inherited)",
					"@executable_path/Frameworks",
				);
				MARKETING_VERSION = 1.0;
				PRODUCT_BUNDLE_IDENTIFIER = dev.aybarsacar.Messenger;
				PRODUCT_NAME = "$(TARGET_NAME)";
				SWIFT_EMIT_LOC_STRINGS = YES;
				SWIFT_VERSION = 5.0;
				TARGETED_DEVICE_FAMILY = "1,2";
			};
			name = Debug;
		};
		003E2C8727E68BBE00D643B1 /* Release */ = {
			isa = XCBuildConfiguration;
			buildSettings = {
				ASSETCATALOG_COMPILER_APPICON_NAME = AppIcon;
				ASSETCATALOG_COMPILER_GLOBAL_ACCENT_COLOR_NAME = AccentColor;
				CODE_SIGN_STYLE = Automatic;
				CURRENT_PROJECT_VERSION = 1;
				DEVELOPMENT_TEAM = QH7853B55W;
				GENERATE_INFOPLIST_FILE = YES;
				INFOPLIST_FILE = Messenger/Info.plist;
				INFOPLIST_KEY_UIApplicationSupportsIndirectInputEvents = YES;
				INFOPLIST_KEY_UILaunchStoryboardName = LaunchScreen;
				INFOPLIST_KEY_UIMainStoryboardFile = Main;
				INFOPLIST_KEY_UISupportedInterfaceOrientations = UIInterfaceOrientationPortrait;
				INFOPLIST_KEY_UISupportedInterfaceOrientations_iPad = UIInterfaceOrientationPortrait;
				INFOPLIST_KEY_UISupportedInterfaceOrientations_iPhone = UIInterfaceOrientationPortrait;
				LD_RUNPATH_SEARCH_PATHS = (
					"$(inherited)",
					"@executable_path/Frameworks",
				);
				MARKETING_VERSION = 1.0;
				PRODUCT_BUNDLE_IDENTIFIER = dev.aybarsacar.Messenger;
				PRODUCT_NAME = "$(TARGET_NAME)";
				SWIFT_EMIT_LOC_STRINGS = YES;
				SWIFT_VERSION = 5.0;
				TARGETED_DEVICE_FAMILY = "1,2";
			};
			name = Release;
		};
/* End XCBuildConfiguration section */

/* Begin XCConfigurationList section */
		003E2C6C27E68BB900D643B1 /* Build configuration list for PBXProject "Messenger" */ = {
			isa = XCConfigurationList;
			buildConfigurations = (
				003E2C8327E68BBE00D643B1 /* Debug */,
				003E2C8427E68BBE00D643B1 /* Release */,
			);
			defaultConfigurationIsVisible = 0;
			defaultConfigurationName = Release;
		};
		003E2C8527E68BBE00D643B1 /* Build configuration list for PBXNativeTarget "Messenger" */ = {
			isa = XCConfigurationList;
			buildConfigurations = (
				003E2C8627E68BBE00D643B1 /* Debug */,
				003E2C8727E68BBE00D643B1 /* Release */,
			);
			defaultConfigurationIsVisible = 0;
			defaultConfigurationName = Release;
		};
/* End XCConfigurationList section */
	};
	rootObject = 003E2C6927E68BB900D643B1 /* Project object */;
}
